{
  "pins" : [
    {
      "identity" : "flicktypekit",
      "kind" : "remoteSourceControl",
      "location" : "https://github.com/FlickType/FlickTypeKit",
      "state" : {
        "branch" : "main",
        "revision" : "b1257c818f99c6d52406f6c34ae5c6d992851bfc"
      }
    },
    {
      "identity" : "keychainaccess",
      "kind" : "remoteSourceControl",
      "location" : "https://github.com/kishikawakatsumi/KeychainAccess",
      "state" : {
        "revision" : "84e546727d66f1adc5439debad16270d0fdd04e7",
        "version" : "4.2.2"
      }
    },
    {
      "identity" : "matrix",
      "kind" : "remoteSourceControl",
      "location" : "https://github.com/pixlwave/Matrix",
      "state" : {
        "branch" : "main",
        "revision" : "abbb16b4dce197c8cc6c2a28693e1971207455c7"
      }
    },
    {
      "identity" : "swift-html-entities",
      "kind" : "remoteSourceControl",
      "location" : "https://github.com/Kitura/swift-html-entities",
      "state" : {
        "revision" : "3686a2b931be24dd2531307f89e2f1d648c0200e",
        "version" : "4.0.0"
      }
    }
  ],
  "version" : 2
}
