{
  "object": {
    "pins": [
      {
        "package": "FlickTypeKit",
        "repositoryURL": "https://github.com/FlickType/FlickTypeKit",
        "state": {
          "branch": "main",
          "revision": "3ba87b3b30a3de1fdd7995476f1df48b38d7aaed",
          "version": null
        }
      },
      {
        "package": "KeychainAccess",
        "repositoryURL": "https://github.com/kishikawakatsumi/KeychainAccess",
        "state": {
          "branch": null,
          "revision": "84e546727d66f1adc5439debad16270d0fdd04e7",
          "version": "4.2.2"
        }
      },
      {
        "package": "Matrix",
        "repositoryURL": "https://github.com/pixlwave/Matrix",
        "state": {
          "branch": "main",
          "revision": "7c45c3f138672f191fb61e0f1e29ea4cacd4d7ce",
          "version": null
        }
      }
    ]
  },
  "version": 1
}
