{
  "object": {
    "pins": [
      {
        "package": "FlickTypeKit",
        "repositoryURL": "https://github.com/FlickType/FlickTypeKit",
        "state": {
          "branch": "main",
          "revision": "b1257c818f99c6d52406f6c34ae5c6d992851bfc",
          "version": null
        }
      },
      {
        "package": "KeychainAccess",
        "repositoryURL": "https://github.com/kishikawakatsumi/KeychainAccess",
        "state": {
          "branch": null,
          "revision": "84e546727d66f1adc5439debad16270d0fdd04e7",
          "version": "4.2.2"
        }
      },
      {
        "package": "Matrix",
        "repositoryURL": "https://github.com/pixlwave/Matrix",
        "state": {
          "branch": null,
          "revision": "d333a9b4f4c2ae95178efab2adcdd8da074bcebe",
          "version": "0.1.1"
        }
      }
    ]
  },
  "version": 1
}
