// !$*UTF8*$!
{
	archiveVersion = 1;
	classes = {
	};
	objectVersion = 54;
	objects = {

/* Begin PBXBuildFile section */
		A515EAC22610D28C00D27C86 /* SyncState.swift in Sources */ = {isa = PBXBuildFile; fileRef = A515EAC12610D28C00D27C86 /* SyncState.swift */; };
		A51EA1732657BD160067A708 /* MessageComposer.swift in Sources */ = {isa = PBXBuildFile; fileRef = A51EA1722657BD160067A708 /* MessageComposer.swift */; };
		A52AA4CC2C2CA83600096D95 /* PrivacyInfo.xcprivacy in Resources */ = {isa = PBXBuildFile; fileRef = A52AA4CB2C2CA83600096D95 /* PrivacyInfo.xcprivacy */; };
		A52BA37325DEC59800BBCCFC /* RoomView.swift in Sources */ = {isa = PBXBuildFile; fileRef = A52BA37225DEC59800BBCCFC /* RoomView.swift */; };
		A52BA38A25DECDC500BBCCFC /* LoginView.swift in Sources */ = {isa = PBXBuildFile; fileRef = A52BA38625DECCDD00BBCCFC /* LoginView.swift */; };
		A538FE0726B479C1004F37F6 /* DataControllerTests.swift in Sources */ = {isa = PBXBuildFile; fileRef = A510767B26207890006362C0 /* DataControllerTests.swift */; };
		A538FE0826B479C1004F37F6 /* MessageTests.swift in Sources */ = {isa = PBXBuildFile; fileRef = A51076872620A74A006362C0 /* MessageTests.swift */; };
		A538FE0926B479C1004F37F6 /* EventProcessingTests.swift in Sources */ = {isa = PBXBuildFile; fileRef = A59BB4F82618B22F00A91D68 /* EventProcessingTests.swift */; };
		A538FE0A26B479C1004F37F6 /* BaseTestCase.swift in Sources */ = {isa = PBXBuildFile; fileRef = A59BB4B12618AFE600A91D68 /* BaseTestCase.swift */; };
		A538FE0B26B479C1004F37F6 /* RoomTests.swift in Sources */ = {isa = PBXBuildFile; fileRef = A59BB4F12618B1D400A91D68 /* RoomTests.swift */; };
		A538FE0C26B479C1004F37F6 /* MemberTests.swift in Sources */ = {isa = PBXBuildFile; fileRef = A58B95DF261F918100A3E8F5 /* MemberTests.swift */; };
		A54E5CDB25F5342700D43CDE /* Member.swift in Sources */ = {isa = PBXBuildFile; fileRef = A54E5CD025F5331900D43CDE /* Member.swift */; };
		A54E5CDC25F5342700D43CDE /* Message.swift in Sources */ = {isa = PBXBuildFile; fileRef = A54E5CCE25F5331900D43CDE /* Message.swift */; };
		A54E5CDD25F5342700D43CDE /* Room.swift in Sources */ = {isa = PBXBuildFile; fileRef = A54E5CCF25F5331900D43CDE /* Room.swift */; };
		A54E5CDE25F5342700D43CDE /* MatrixController.swift in Sources */ = {isa = PBXBuildFile; fileRef = A54E5CCD25F5331900D43CDE /* MatrixController.swift */; };
		A54E5CE225F5342E00D43CDE /* Matrix.xcdatamodeld in Sources */ = {isa = PBXBuildFile; fileRef = A54E5CCB25F5331900D43CDE /* Matrix.xcdatamodeld */; };
		A559560726B47B2600AB1499 /* NewJoinedRoom.json in Resources */ = {isa = PBXBuildFile; fileRef = A59BB50F2618C15500A91D68 /* NewJoinedRoom.json */; };
		A559560826B47B2600AB1499 /* SyncMessageJoinedRoom.json in Resources */ = {isa = PBXBuildFile; fileRef = A59BB51B2618C16D00A91D68 /* SyncMessageJoinedRoom.json */; };
		A560A48B278B34F100F5EC01 /* RedactionTests.swift in Sources */ = {isa = PBXBuildFile; fileRef = A560A48A278B34F100F5EC01 /* RedactionTests.swift */; };
		A560A48D278B490B00F5EC01 /* JoinedRoom-ReactionRedaction.json in Resources */ = {isa = PBXBuildFile; fileRef = A560A48C278B478300F5EC01 /* JoinedRoom-ReactionRedaction.json */; };
		A560A491278B4FC700F5EC01 /* LoadMessages.json in Resources */ = {isa = PBXBuildFile; fileRef = A560A490278B4FC700F5EC01 /* LoadMessages.json */; };
		A560A495278B4FD900F5EC01 /* SyncNewRoomWithReaction.json in Resources */ = {isa = PBXBuildFile; fileRef = A560A494278B4FD900F5EC01 /* SyncNewRoomWithReaction.json */; };
		A561B753277A320600CEAF26 /* MessageAligner.swift in Sources */ = {isa = PBXBuildFile; fileRef = A561B752277A320600CEAF26 /* MessageAligner.swift */; };
		A56329E0263C3861003D0E67 /* LoginViewModel.swift in Sources */ = {isa = PBXBuildFile; fileRef = A56329DF263C3861003D0E67 /* LoginViewModel.swift */; };
		A564A4C6260B4E6B00895426 /* DataController.swift in Sources */ = {isa = PBXBuildFile; fileRef = A564A4C5260B4E6B00895426 /* DataController.swift */; };
		A564A4CE260B588B00895426 /* TestData.swift in Sources */ = {isa = PBXBuildFile; fileRef = A564A4CD260B588B00895426 /* TestData.swift */; };
		A56C7FB32614AF9A0067CB3B /* MatrixError-Identifiable.swift in Sources */ = {isa = PBXBuildFile; fileRef = A56C7FB22614AF9A0067CB3B /* MatrixError-Identifiable.swift */; };
		A58015282623280800C61D25 /* ReactionPicker.swift in Sources */ = {isa = PBXBuildFile; fileRef = A58015272623280800C61D25 /* ReactionPicker.swift */; };
		A581EB90277A4CEB0083B24A /* AlignedScrollView.swift in Sources */ = {isa = PBXBuildFile; fileRef = A581EB8F277A4CEB0083B24A /* AlignedScrollView.swift */; };
		A59437F4265D02DF00A81E1E /* MessageTransactionView.swift in Sources */ = {isa = PBXBuildFile; fileRef = A59437F3265D02DF00A81E1E /* MessageTransactionView.swift */; };
		A59437F6265D05DA00A81E1E /* MessageBubble.swift in Sources */ = {isa = PBXBuildFile; fileRef = A59437F5265D05DA00A81E1E /* MessageBubble.swift */; };
		A5989DFC265AE28100DAD57C /* TransactionStore.swift in Sources */ = {isa = PBXBuildFile; fileRef = A5989DFA265AE28100DAD57C /* TransactionStore.swift */; };
		A5989DFE265AE2E100DAD57C /* MessageTransaction.swift in Sources */ = {isa = PBXBuildFile; fileRef = A5989DFD265AE2B500DAD57C /* MessageTransaction.swift */; };
		A59A0C4C25DD6AC000B5EDAA /* Watch The Matrix WatchKit App.app in Embed Watch Content */ = {isa = PBXBuildFile; fileRef = A59A0C4B25DD6AC000B5EDAA /* Watch The Matrix WatchKit App.app */; settings = {ATTRIBUTES = (RemoveHeadersOnCopy, ); }; };
		A59A0C5125DD6AC200B5EDAA /* Assets.xcassets in Resources */ = {isa = PBXBuildFile; fileRef = A59A0C5025DD6AC200B5EDAA /* Assets.xcassets */; };
		A59A0C5D25DD6AC200B5EDAA /* WatchTheMatrixApp.swift in Sources */ = {isa = PBXBuildFile; fileRef = A59A0C5C25DD6AC200B5EDAA /* WatchTheMatrixApp.swift */; };
		A59A0C5F25DD6AC200B5EDAA /* RootView.swift in Sources */ = {isa = PBXBuildFile; fileRef = A59A0C5E25DD6AC200B5EDAA /* RootView.swift */; };
		A59A0C6125DD6AC200B5EDAA /* NotificationController.swift in Sources */ = {isa = PBXBuildFile; fileRef = A59A0C6025DD6AC200B5EDAA /* NotificationController.swift */; };
		A59A0C6325DD6AC200B5EDAA /* NotificationView.swift in Sources */ = {isa = PBXBuildFile; fileRef = A59A0C6225DD6AC200B5EDAA /* NotificationView.swift */; };
		A59A0C6525DD6AC200B5EDAA /* ComplicationController.swift in Sources */ = {isa = PBXBuildFile; fileRef = A59A0C6425DD6AC200B5EDAA /* ComplicationController.swift */; };
		A59A0C6725DD6AC300B5EDAA /* Assets.xcassets in Resources */ = {isa = PBXBuildFile; fileRef = A59A0C6625DD6AC300B5EDAA /* Assets.xcassets */; };
		A59A0C6A25DD6AC300B5EDAA /* Preview Assets.xcassets in Resources */ = {isa = PBXBuildFile; fileRef = A59A0C6925DD6AC300B5EDAA /* Preview Assets.xcassets */; };
		A59A6FD5282652BC00B59CF2 /* ErrorResponse-Types.swift in Sources */ = {isa = PBXBuildFile; fileRef = A59A6FD4282652BC00B59CF2 /* ErrorResponse-Types.swift */; };
		A5A30C0C260BA53700861601 /* Edit.swift in Sources */ = {isa = PBXBuildFile; fileRef = A5A30C0B260BA53700861601 /* Edit.swift */; };
		A5A77A75265833C000B683FF /* TransactionManager.swift in Sources */ = {isa = PBXBuildFile; fileRef = A5A77A74265833C000B683FF /* TransactionManager.swift */; };
		A5A9B43C28FC938B004C651F /* Matrix in Frameworks */ = {isa = PBXBuildFile; productRef = A5A9B43B28FC938B004C651F /* Matrix */; };
		A5A9B43E28FC9391004C651F /* KeychainAccess in Frameworks */ = {isa = PBXBuildFile; productRef = A5A9B43D28FC9391004C651F /* KeychainAccess */; };
		A5A9B44228FC9398004C651F /* HTMLEntities in Frameworks */ = {isa = PBXBuildFile; productRef = A5A9B44128FC9398004C651F /* HTMLEntities */; };
		A5B43C0926482CA3005384AF /* RoomCell.swift in Sources */ = {isa = PBXBuildFile; fileRef = A5B43C0826482CA3005384AF /* RoomCell.swift */; };
		A5B43C0B264831F4005384AF /* Date-Formatting.swift in Sources */ = {isa = PBXBuildFile; fileRef = A5B43C0A264831F4005384AF /* Date-Formatting.swift */; };
		A5BC73C72700B97E00AF5AF9 /* ImageBubble.swift in Sources */ = {isa = PBXBuildFile; fileRef = A5BC73C62700B97E00AF5AF9 /* ImageBubble.swift */; };
		A5BCCB5A260C9DAB00CBC29B /* Redaction.swift in Sources */ = {isa = PBXBuildFile; fileRef = A5BCCB59260C9DAB00CBC29B /* Redaction.swift */; };
		A5D54D442780BEC300B01C8B /* MessageReplies.json in Resources */ = {isa = PBXBuildFile; fileRef = A5D54D432780B8CC00B01C8B /* MessageReplies.json */; };
		A5DCA2B4262B85F7004A328B /* ReactionsView.swift in Sources */ = {isa = PBXBuildFile; fileRef = A5DCA2B3262B85F7004A328B /* ReactionsView.swift */; };
		A5E324AB2A38B70C0085AACB /* Localizable.xcstrings in Resources */ = {isa = PBXBuildFile; fileRef = A5E324AA2A38B70C0085AACB /* Localizable.xcstrings */; };
		A5E9E87325F673C00054D1A2 /* Reaction.swift in Sources */ = {isa = PBXBuildFile; fileRef = A5E9E87225F673C00054D1A2 /* Reaction.swift */; };
		A5E9E87B25F676730054D1A2 /* MessageView.swift in Sources */ = {isa = PBXBuildFile; fileRef = A5E9E87A25F676730054D1A2 /* MessageView.swift */; };
		A5FEEBEA27118E4200B57B84 /* SettingsView.swift in Sources */ = {isa = PBXBuildFile; fileRef = A5FEEBE927118E4200B57B84 /* SettingsView.swift */; };
/* End PBXBuildFile section */

/* Begin PBXContainerItemProxy section */
		A576D38C28FC8C3D00A3FCF5 /* PBXContainerItemProxy */ = {
			isa = PBXContainerItemProxy;
			containerPortal = A59A0C4125DD6AC000B5EDAA /* Project object */;
			proxyType = 1;
			remoteGlobalIDString = A59A0C4A25DD6AC000B5EDAA;
			remoteInfo = "Watch The Matrix WatchKit App";
		};
		A59A0C4D25DD6AC000B5EDAA /* PBXContainerItemProxy */ = {
			isa = PBXContainerItemProxy;
			containerPortal = A59A0C4125DD6AC000B5EDAA /* Project object */;
			proxyType = 1;
			remoteGlobalIDString = A59A0C4A25DD6AC000B5EDAA;
			remoteInfo = "Watch The Matrix WatchKit App";
		};
/* End PBXContainerItemProxy section */

/* Begin PBXCopyFilesBuildPhase section */
		A59A0C7625DD6AC300B5EDAA /* Embed Watch Content */ = {
			isa = PBXCopyFilesBuildPhase;
			buildActionMask = 2147483647;
			dstPath = "$(CONTENTS_FOLDER_PATH)/Watch";
			dstSubfolderSpec = 16;
			files = (
				A59A0C4C25DD6AC000B5EDAA /* Watch The Matrix WatchKit App.app in Embed Watch Content */,
			);
			name = "Embed Watch Content";
			runOnlyForDeploymentPostprocessing = 0;
		};
/* End PBXCopyFilesBuildPhase section */

/* Begin PBXFileReference section */
		A510767B26207890006362C0 /* DataControllerTests.swift */ = {isa = PBXFileReference; lastKnownFileType = sourcecode.swift; path = DataControllerTests.swift; sourceTree = "<group>"; };
		A51076872620A74A006362C0 /* MessageTests.swift */ = {isa = PBXFileReference; lastKnownFileType = sourcecode.swift; path = MessageTests.swift; sourceTree = "<group>"; };
		A515EAC12610D28C00D27C86 /* SyncState.swift */ = {isa = PBXFileReference; lastKnownFileType = sourcecode.swift; path = SyncState.swift; sourceTree = "<group>"; };
		A51EA1722657BD160067A708 /* MessageComposer.swift */ = {isa = PBXFileReference; lastKnownFileType = sourcecode.swift; path = MessageComposer.swift; sourceTree = "<group>"; };
		A52AA4CB2C2CA83600096D95 /* PrivacyInfo.xcprivacy */ = {isa = PBXFileReference; lastKnownFileType = text.xml; path = PrivacyInfo.xcprivacy; sourceTree = "<group>"; };
		A52BA37225DEC59800BBCCFC /* RoomView.swift */ = {isa = PBXFileReference; lastKnownFileType = sourcecode.swift; path = RoomView.swift; sourceTree = "<group>"; };
		A52BA38625DECCDD00BBCCFC /* LoginView.swift */ = {isa = PBXFileReference; lastKnownFileType = sourcecode.swift; path = LoginView.swift; sourceTree = "<group>"; };
		A538FDFD26B479B7004F37F6 /* Tests.xctest */ = {isa = PBXFileReference; explicitFileType = wrapper.cfbundle; includeInIndex = 0; path = Tests.xctest; sourceTree = BUILT_PRODUCTS_DIR; };
		A538FE0126B479B8004F37F6 /* Info.plist */ = {isa = PBXFileReference; lastKnownFileType = text.plist.xml; path = Info.plist; sourceTree = "<group>"; };
		A54E5CCC25F5331900D43CDE /* Model.xcdatamodel */ = {isa = PBXFileReference; lastKnownFileType = wrapper.xcdatamodel; path = Model.xcdatamodel; sourceTree = "<group>"; };
		A54E5CCD25F5331900D43CDE /* MatrixController.swift */ = {isa = PBXFileReference; lastKnownFileType = sourcecode.swift; path = MatrixController.swift; sourceTree = "<group>"; };
		A54E5CCE25F5331900D43CDE /* Message.swift */ = {isa = PBXFileReference; lastKnownFileType = sourcecode.swift; path = Message.swift; sourceTree = "<group>"; };
		A54E5CCF25F5331900D43CDE /* Room.swift */ = {isa = PBXFileReference; lastKnownFileType = sourcecode.swift; path = Room.swift; sourceTree = "<group>"; };
		A54E5CD025F5331900D43CDE /* Member.swift */ = {isa = PBXFileReference; lastKnownFileType = sourcecode.swift; path = Member.swift; sourceTree = "<group>"; };
		A560A48A278B34F100F5EC01 /* RedactionTests.swift */ = {isa = PBXFileReference; lastKnownFileType = sourcecode.swift; path = RedactionTests.swift; sourceTree = "<group>"; };
		A560A48C278B478300F5EC01 /* JoinedRoom-ReactionRedaction.json */ = {isa = PBXFileReference; lastKnownFileType = text.json; path = "JoinedRoom-ReactionRedaction.json"; sourceTree = "<group>"; };
		A560A490278B4FC700F5EC01 /* LoadMessages.json */ = {isa = PBXFileReference; fileEncoding = 4; lastKnownFileType = text.json; path = LoadMessages.json; sourceTree = "<group>"; };
		A560A494278B4FD900F5EC01 /* SyncNewRoomWithReaction.json */ = {isa = PBXFileReference; fileEncoding = 4; lastKnownFileType = text.json; path = SyncNewRoomWithReaction.json; sourceTree = "<group>"; };
		A561B752277A320600CEAF26 /* MessageAligner.swift */ = {isa = PBXFileReference; lastKnownFileType = sourcecode.swift; path = MessageAligner.swift; sourceTree = "<group>"; };
		A56329DF263C3861003D0E67 /* LoginViewModel.swift */ = {isa = PBXFileReference; lastKnownFileType = sourcecode.swift; path = LoginViewModel.swift; sourceTree = "<group>"; };
		A564A4C5260B4E6B00895426 /* DataController.swift */ = {isa = PBXFileReference; lastKnownFileType = sourcecode.swift; path = DataController.swift; sourceTree = "<group>"; };
		A564A4CD260B588B00895426 /* TestData.swift */ = {isa = PBXFileReference; lastKnownFileType = sourcecode.swift; path = TestData.swift; sourceTree = "<group>"; };
		A56C7FB22614AF9A0067CB3B /* MatrixError-Identifiable.swift */ = {isa = PBXFileReference; lastKnownFileType = sourcecode.swift; path = "MatrixError-Identifiable.swift"; sourceTree = "<group>"; };
		A58015272623280800C61D25 /* ReactionPicker.swift */ = {isa = PBXFileReference; lastKnownFileType = sourcecode.swift; path = ReactionPicker.swift; sourceTree = "<group>"; };
		A581EB8F277A4CEB0083B24A /* AlignedScrollView.swift */ = {isa = PBXFileReference; lastKnownFileType = sourcecode.swift; path = AlignedScrollView.swift; sourceTree = "<group>"; };
		A58B95DF261F918100A3E8F5 /* MemberTests.swift */ = {isa = PBXFileReference; lastKnownFileType = sourcecode.swift; path = MemberTests.swift; sourceTree = "<group>"; };
		A594306F2673D4A500A47018 /* Watch The Matrix WatchKit Extension.entitlements */ = {isa = PBXFileReference; lastKnownFileType = text.plist.entitlements; path = "Watch The Matrix WatchKit Extension.entitlements"; sourceTree = "<group>"; };
		A59437F3265D02DF00A81E1E /* MessageTransactionView.swift */ = {isa = PBXFileReference; lastKnownFileType = sourcecode.swift; path = MessageTransactionView.swift; sourceTree = "<group>"; };
		A59437F5265D05DA00A81E1E /* MessageBubble.swift */ = {isa = PBXFileReference; lastKnownFileType = sourcecode.swift; path = MessageBubble.swift; sourceTree = "<group>"; };
		A5989DFA265AE28100DAD57C /* TransactionStore.swift */ = {isa = PBXFileReference; lastKnownFileType = sourcecode.swift; path = TransactionStore.swift; sourceTree = "<group>"; };
		A5989DFD265AE2B500DAD57C /* MessageTransaction.swift */ = {isa = PBXFileReference; lastKnownFileType = sourcecode.swift; path = MessageTransaction.swift; sourceTree = "<group>"; };
		A59A0C4725DD6AC000B5EDAA /* Watch The Matrix.app */ = {isa = PBXFileReference; explicitFileType = wrapper.application; includeInIndex = 0; path = "Watch The Matrix.app"; sourceTree = BUILT_PRODUCTS_DIR; };
		A59A0C4B25DD6AC000B5EDAA /* Watch The Matrix WatchKit App.app */ = {isa = PBXFileReference; explicitFileType = wrapper.application; includeInIndex = 0; path = "Watch The Matrix WatchKit App.app"; sourceTree = BUILT_PRODUCTS_DIR; };
		A59A0C5025DD6AC200B5EDAA /* Assets.xcassets */ = {isa = PBXFileReference; lastKnownFileType = folder.assetcatalog; path = Assets.xcassets; sourceTree = "<group>"; };
		A59A0C5225DD6AC200B5EDAA /* Info.plist */ = {isa = PBXFileReference; lastKnownFileType = text.plist.xml; path = Info.plist; sourceTree = "<group>"; };
		A59A0C5C25DD6AC200B5EDAA /* WatchTheMatrixApp.swift */ = {isa = PBXFileReference; lastKnownFileType = sourcecode.swift; path = WatchTheMatrixApp.swift; sourceTree = "<group>"; };
		A59A0C5E25DD6AC200B5EDAA /* RootView.swift */ = {isa = PBXFileReference; lastKnownFileType = sourcecode.swift; path = RootView.swift; sourceTree = "<group>"; };
		A59A0C6025DD6AC200B5EDAA /* NotificationController.swift */ = {isa = PBXFileReference; lastKnownFileType = sourcecode.swift; path = NotificationController.swift; sourceTree = "<group>"; };
		A59A0C6225DD6AC200B5EDAA /* NotificationView.swift */ = {isa = PBXFileReference; lastKnownFileType = sourcecode.swift; path = NotificationView.swift; sourceTree = "<group>"; };
		A59A0C6425DD6AC200B5EDAA /* ComplicationController.swift */ = {isa = PBXFileReference; lastKnownFileType = sourcecode.swift; path = ComplicationController.swift; sourceTree = "<group>"; };
		A59A0C6625DD6AC300B5EDAA /* Assets.xcassets */ = {isa = PBXFileReference; lastKnownFileType = folder.assetcatalog; path = Assets.xcassets; sourceTree = "<group>"; };
		A59A0C6925DD6AC300B5EDAA /* Preview Assets.xcassets */ = {isa = PBXFileReference; lastKnownFileType = folder.assetcatalog; path = "Preview Assets.xcassets"; sourceTree = "<group>"; };
		A59A0C6B25DD6AC300B5EDAA /* Info.plist */ = {isa = PBXFileReference; lastKnownFileType = text.plist.xml; path = Info.plist; sourceTree = "<group>"; };
		A59A0C6C25DD6AC300B5EDAA /* PushNotificationPayload.apns */ = {isa = PBXFileReference; lastKnownFileType = text; path = PushNotificationPayload.apns; sourceTree = "<group>"; };
		A59A6FD4282652BC00B59CF2 /* ErrorResponse-Types.swift */ = {isa = PBXFileReference; lastKnownFileType = sourcecode.swift; path = "ErrorResponse-Types.swift"; sourceTree = "<group>"; };
		A59BB4B12618AFE600A91D68 /* BaseTestCase.swift */ = {isa = PBXFileReference; lastKnownFileType = sourcecode.swift; path = BaseTestCase.swift; sourceTree = "<group>"; };
		A59BB4F12618B1D400A91D68 /* RoomTests.swift */ = {isa = PBXFileReference; lastKnownFileType = sourcecode.swift; path = RoomTests.swift; sourceTree = "<group>"; };
		A59BB4F82618B22F00A91D68 /* EventProcessingTests.swift */ = {isa = PBXFileReference; lastKnownFileType = sourcecode.swift; path = EventProcessingTests.swift; sourceTree = "<group>"; };
		A59BB50F2618C15500A91D68 /* NewJoinedRoom.json */ = {isa = PBXFileReference; lastKnownFileType = text.json; path = NewJoinedRoom.json; sourceTree = "<group>"; };
		A59BB51B2618C16D00A91D68 /* SyncMessageJoinedRoom.json */ = {isa = PBXFileReference; lastKnownFileType = text.json; path = SyncMessageJoinedRoom.json; sourceTree = "<group>"; };
		A5A30C0B260BA53700861601 /* Edit.swift */ = {isa = PBXFileReference; lastKnownFileType = sourcecode.swift; path = Edit.swift; sourceTree = "<group>"; };
		A5A77A74265833C000B683FF /* TransactionManager.swift */ = {isa = PBXFileReference; lastKnownFileType = sourcecode.swift; path = TransactionManager.swift; sourceTree = "<group>"; };
		A5B43C0826482CA3005384AF /* RoomCell.swift */ = {isa = PBXFileReference; lastKnownFileType = sourcecode.swift; path = RoomCell.swift; sourceTree = "<group>"; };
		A5B43C0A264831F4005384AF /* Date-Formatting.swift */ = {isa = PBXFileReference; lastKnownFileType = sourcecode.swift; path = "Date-Formatting.swift"; sourceTree = "<group>"; };
		A5BC73C62700B97E00AF5AF9 /* ImageBubble.swift */ = {isa = PBXFileReference; lastKnownFileType = sourcecode.swift; path = ImageBubble.swift; sourceTree = "<group>"; };
		A5BCCB59260C9DAB00CBC29B /* Redaction.swift */ = {isa = PBXFileReference; lastKnownFileType = sourcecode.swift; path = Redaction.swift; sourceTree = "<group>"; };
		A5D54D432780B8CC00B01C8B /* MessageReplies.json */ = {isa = PBXFileReference; lastKnownFileType = text.json; path = MessageReplies.json; sourceTree = "<group>"; };
		A5DCA2B3262B85F7004A328B /* ReactionsView.swift */ = {isa = PBXFileReference; lastKnownFileType = sourcecode.swift; path = ReactionsView.swift; sourceTree = "<group>"; };
		A5E324AA2A38B70C0085AACB /* Localizable.xcstrings */ = {isa = PBXFileReference; lastKnownFileType = text.json.xcstrings; path = Localizable.xcstrings; sourceTree = "<group>"; };
		A5E9E87225F673C00054D1A2 /* Reaction.swift */ = {isa = PBXFileReference; lastKnownFileType = sourcecode.swift; path = Reaction.swift; sourceTree = "<group>"; };
		A5E9E87A25F676730054D1A2 /* MessageView.swift */ = {isa = PBXFileReference; lastKnownFileType = sourcecode.swift; path = MessageView.swift; sourceTree = "<group>"; };
		A5FEEBE927118E4200B57B84 /* SettingsView.swift */ = {isa = PBXFileReference; lastKnownFileType = sourcecode.swift; path = SettingsView.swift; sourceTree = "<group>"; };
/* End PBXFileReference section */

/* Begin PBXFrameworksBuildPhase section */
		A538FDFA26B479B7004F37F6 /* Frameworks */ = {
			isa = PBXFrameworksBuildPhase;
			buildActionMask = 2147483647;
			files = (
			);
			runOnlyForDeploymentPostprocessing = 0;
		};
		A59A0C5425DD6AC200B5EDAA /* Frameworks */ = {
			isa = PBXFrameworksBuildPhase;
			buildActionMask = 2147483647;
			files = (
				A5A9B43E28FC9391004C651F /* KeychainAccess in Frameworks */,
				A5A9B44228FC9398004C651F /* HTMLEntities in Frameworks */,
				A5A9B43C28FC938B004C651F /* Matrix in Frameworks */,
			);
			runOnlyForDeploymentPostprocessing = 0;
		};
/* End PBXFrameworksBuildPhase section */

/* Begin PBXGroup section */
		A538FDFE26B479B7004F37F6 /* Tests */ = {
			isa = PBXGroup;
			children = (
				A59BB50E2618C13E00A91D68 /* Fixtures */,
				A59BB4B12618AFE600A91D68 /* BaseTestCase.swift */,
				A510767B26207890006362C0 /* DataControllerTests.swift */,
				A59BB4F12618B1D400A91D68 /* RoomTests.swift */,
				A58B95DF261F918100A3E8F5 /* MemberTests.swift */,
				A51076872620A74A006362C0 /* MessageTests.swift */,
				A560A48A278B34F100F5EC01 /* RedactionTests.swift */,
				A59BB4F82618B22F00A91D68 /* EventProcessingTests.swift */,
				A538FE0126B479B8004F37F6 /* Info.plist */,
			);
			path = Tests;
			sourceTree = "<group>";
		};
		A54E5CCA25F5331900D43CDE /* Model */ = {
			isa = PBXGroup;
			children = (
				A564A4C5260B4E6B00895426 /* DataController.swift */,
				A54E5CCB25F5331900D43CDE /* Matrix.xcdatamodeld */,
				A54E5CCD25F5331900D43CDE /* MatrixController.swift */,
				A54E5CCF25F5331900D43CDE /* Room.swift */,
				A54E5CD025F5331900D43CDE /* Member.swift */,
				A54E5CCE25F5331900D43CDE /* Message.swift */,
				A5E9E87225F673C00054D1A2 /* Reaction.swift */,
				A5A30C0B260BA53700861601 /* Edit.swift */,
				A5BCCB59260C9DAB00CBC29B /* Redaction.swift */,
				A515EAC12610D28C00D27C86 /* SyncState.swift */,
				A5989DF9265AE26B00DAD57C /* Transactions */,
				A564A4CD260B588B00895426 /* TestData.swift */,
			);
			path = Model;
			sourceTree = "<group>";
		};
		A54E5CD725F5333900D43CDE /* watchOS Extras */ = {
			isa = PBXGroup;
			children = (
				A59A0C6025DD6AC200B5EDAA /* NotificationController.swift */,
				A59A0C6225DD6AC200B5EDAA /* NotificationView.swift */,
				A59A0C6425DD6AC200B5EDAA /* ComplicationController.swift */,
			);
			path = "watchOS Extras";
			sourceTree = "<group>";
		};
		A56C7FB12614AF670067CB3B /* Extensions */ = {
			isa = PBXGroup;
			children = (
				A56C7FB22614AF9A0067CB3B /* MatrixError-Identifiable.swift */,
				A59A6FD4282652BC00B59CF2 /* ErrorResponse-Types.swift */,
				A5B43C0A264831F4005384AF /* Date-Formatting.swift */,
			);
			path = Extensions;
			sourceTree = "<group>";
		};
		A581EB8E277A4CD10083B24A /* Layout */ = {
			isa = PBXGroup;
			children = (
				A561B752277A320600CEAF26 /* MessageAligner.swift */,
				A581EB8F277A4CEB0083B24A /* AlignedScrollView.swift */,
			);
			path = Layout;
			sourceTree = "<group>";
		};
		A5989DF9265AE26B00DAD57C /* Transactions */ = {
			isa = PBXGroup;
			children = (
				A5A77A74265833C000B683FF /* TransactionManager.swift */,
				A5989DFA265AE28100DAD57C /* TransactionStore.swift */,
				A5989DFD265AE2B500DAD57C /* MessageTransaction.swift */,
			);
			path = Transactions;
			sourceTree = "<group>";
		};
		A59A0C4025DD6AC000B5EDAA = {
			isa = PBXGroup;
			children = (
				A59A0C5B25DD6AC200B5EDAA /* Sources */,
				A5D9CF0A260B4CE200875D38 /* Resources */,
				A59A0C6825DD6AC300B5EDAA /* Preview Content */,
				A59A0C4F25DD6AC000B5EDAA /* Watch App */,
				A538FDFE26B479B7004F37F6 /* Tests */,
				A59A0C4825DD6AC000B5EDAA /* Products */,
				A5A9B43A28FC938B004C651F /* Frameworks */,
			);
			sourceTree = "<group>";
		};
		A59A0C4825DD6AC000B5EDAA /* Products */ = {
			isa = PBXGroup;
			children = (
				A59A0C4725DD6AC000B5EDAA /* Watch The Matrix.app */,
				A59A0C4B25DD6AC000B5EDAA /* Watch The Matrix WatchKit App.app */,
				A538FDFD26B479B7004F37F6 /* Tests.xctest */,
			);
			name = Products;
			sourceTree = "<group>";
		};
		A59A0C4F25DD6AC000B5EDAA /* Watch App */ = {
			isa = PBXGroup;
			children = (
				A59A0C5025DD6AC200B5EDAA /* Assets.xcassets */,
				A59A0C5225DD6AC200B5EDAA /* Info.plist */,
			);
			path = "Watch App";
			sourceTree = "<group>";
		};
		A59A0C5B25DD6AC200B5EDAA /* Sources */ = {
			isa = PBXGroup;
			children = (
				A59A0C5C25DD6AC200B5EDAA /* WatchTheMatrixApp.swift */,
				A5D9CF06260B4CD000875D38 /* Views */,
				A54E5CCA25F5331900D43CDE /* Model */,
				A56C7FB12614AF670067CB3B /* Extensions */,
				A54E5CD725F5333900D43CDE /* watchOS Extras */,
			);
			path = Sources;
			sourceTree = "<group>";
		};
		A59A0C6825DD6AC300B5EDAA /* Preview Content */ = {
			isa = PBXGroup;
			children = (
				A59A0C6925DD6AC300B5EDAA /* Preview Assets.xcassets */,
			);
			path = "Preview Content";
			sourceTree = "<group>";
		};
		A59BB50E2618C13E00A91D68 /* Fixtures */ = {
			isa = PBXGroup;
			children = (
				A59BB50F2618C15500A91D68 /* NewJoinedRoom.json */,
				A59BB51B2618C16D00A91D68 /* SyncMessageJoinedRoom.json */,
				A560A48C278B478300F5EC01 /* JoinedRoom-ReactionRedaction.json */,
				A5D54D432780B8CC00B01C8B /* MessageReplies.json */,
				A560A494278B4FD900F5EC01 /* SyncNewRoomWithReaction.json */,
				A560A490278B4FC700F5EC01 /* LoadMessages.json */,
			);
			path = Fixtures;
			sourceTree = "<group>";
		};
		A5A9B43A28FC938B004C651F /* Frameworks */ = {
			isa = PBXGroup;
			children = (
			);
			name = Frameworks;
			sourceTree = "<group>";
		};
		A5D9CF06260B4CD000875D38 /* Views */ = {
			isa = PBXGroup;
			children = (
				A581EB8E277A4CD10083B24A /* Layout */,
				A59A0C5E25DD6AC200B5EDAA /* RootView.swift */,
				A5B43C0826482CA3005384AF /* RoomCell.swift */,
				A52BA37225DEC59800BBCCFC /* RoomView.swift */,
				A5E9E87A25F676730054D1A2 /* MessageView.swift */,
				A59437F3265D02DF00A81E1E /* MessageTransactionView.swift */,
				A59437F5265D05DA00A81E1E /* MessageBubble.swift */,
				A5BC73C62700B97E00AF5AF9 /* ImageBubble.swift */,
				A51EA1722657BD160067A708 /* MessageComposer.swift */,
				A58015272623280800C61D25 /* ReactionPicker.swift */,
				A5DCA2B3262B85F7004A328B /* ReactionsView.swift */,
				A52BA38625DECCDD00BBCCFC /* LoginView.swift */,
				A56329DF263C3861003D0E67 /* LoginViewModel.swift */,
				A5FEEBE927118E4200B57B84 /* SettingsView.swift */,
			);
			path = Views;
			sourceTree = "<group>";
		};
		A5D9CF0A260B4CE200875D38 /* Resources */ = {
			isa = PBXGroup;
			children = (
				A59A0C6625DD6AC300B5EDAA /* Assets.xcassets */,
				A59A0C6B25DD6AC300B5EDAA /* Info.plist */,
				A5E324AA2A38B70C0085AACB /* Localizable.xcstrings */,
				A52AA4CB2C2CA83600096D95 /* PrivacyInfo.xcprivacy */,
				A59A0C6C25DD6AC300B5EDAA /* PushNotificationPayload.apns */,
				A594306F2673D4A500A47018 /* Watch The Matrix WatchKit Extension.entitlements */,
			);
			path = Resources;
			sourceTree = "<group>";
		};
/* End PBXGroup section */

/* Begin PBXNativeTarget section */
		A538FDFC26B479B7004F37F6 /* Tests */ = {
			isa = PBXNativeTarget;
			buildConfigurationList = A538FE0426B479B8004F37F6 /* Build configuration list for PBXNativeTarget "Tests" */;
			buildPhases = (
				A538FDF926B479B7004F37F6 /* Sources */,
				A538FDFA26B479B7004F37F6 /* Frameworks */,
				A538FDFB26B479B7004F37F6 /* Resources */,
			);
			buildRules = (
			);
			dependencies = (
				A576D38D28FC8C3D00A3FCF5 /* PBXTargetDependency */,
			);
			name = Tests;
			productName = Tests;
			productReference = A538FDFD26B479B7004F37F6 /* Tests.xctest */;
			productType = "com.apple.product-type.bundle.unit-test";
		};
		A59A0C4625DD6AC000B5EDAA /* Watch The Matrix */ = {
			isa = PBXNativeTarget;
			buildConfigurationList = A59A0C7725DD6AC300B5EDAA /* Build configuration list for PBXNativeTarget "Watch The Matrix" */;
			buildPhases = (
				A59A0C4525DD6AC000B5EDAA /* Resources */,
				A59A0C7625DD6AC300B5EDAA /* Embed Watch Content */,
			);
			buildRules = (
			);
			dependencies = (
				A59A0C4E25DD6AC000B5EDAA /* PBXTargetDependency */,
			);
			name = "Watch The Matrix";
			productName = "Watch The Matrix";
			productReference = A59A0C4725DD6AC000B5EDAA /* Watch The Matrix.app */;
			productType = "com.apple.product-type.application.watchapp2-container";
		};
		A59A0C4A25DD6AC000B5EDAA /* Watch The Matrix WatchKit App */ = {
			isa = PBXNativeTarget;
			buildConfigurationList = A59A0C7325DD6AC300B5EDAA /* Build configuration list for PBXNativeTarget "Watch The Matrix WatchKit App" */;
			buildPhases = (
				A59A0C4925DD6AC000B5EDAA /* Resources */,
				A59A0C5325DD6AC200B5EDAA /* Sources */,
				A59A0C5425DD6AC200B5EDAA /* Frameworks */,
			);
			buildRules = (
			);
			dependencies = (
			);
			name = "Watch The Matrix WatchKit App";
			packageProductDependencies = (
				A5A9B43B28FC938B004C651F /* Matrix */,
				A5A9B43D28FC9391004C651F /* KeychainAccess */,
				A5A9B44128FC9398004C651F /* HTMLEntities */,
			);
			productName = "Watch The Matrix WatchKit App";
			productReference = A59A0C4B25DD6AC000B5EDAA /* Watch The Matrix WatchKit App.app */;
			productType = "com.apple.product-type.application";
		};
/* End PBXNativeTarget section */

/* Begin PBXProject section */
		A59A0C4125DD6AC000B5EDAA /* Project object */ = {
			isa = PBXProject;
			attributes = {
				BuildIndependentTargetsInParallel = YES;
				LastSwiftUpdateCheck = 1250;
				LastUpgradeCheck = 2600;
				TargetAttributes = {
					A538FDFC26B479B7004F37F6 = {
						CreatedOnToolsVersion = 12.5.1;
						TestTargetID = A59A0C4A25DD6AC000B5EDAA;
					};
					A59A0C4625DD6AC000B5EDAA = {
						CreatedOnToolsVersion = 12.4;
					};
					A59A0C4A25DD6AC000B5EDAA = {
						CreatedOnToolsVersion = 12.4;
					};
				};
			};
			buildConfigurationList = A59A0C4425DD6AC000B5EDAA /* Build configuration list for PBXProject "Watch The Matrix" */;
			compatibilityVersion = "Xcode 9.3";
			developmentRegion = en;
			hasScannedForEncodings = 0;
			knownRegions = (
				en,
				Base,
				fr,
				de,
				es,
			);
			mainGroup = A59A0C4025DD6AC000B5EDAA;
			packageReferences = (
				A5799D3425FC205C00D4B940 /* XCRemoteSwiftPackageReference "KeychainAccess" */,
				A5620D53264915E500EAF88B /* XCRemoteSwiftPackageReference "Matrix" */,
				A562FF4427847C3A0094B97E /* XCRemoteSwiftPackageReference "swift-html-entities" */,
			);
			productRefGroup = A59A0C4825DD6AC000B5EDAA /* Products */;
			projectDirPath = "";
			projectRoot = "";
			targets = (
				A59A0C4625DD6AC000B5EDAA /* Watch The Matrix */,
				A59A0C4A25DD6AC000B5EDAA /* Watch The Matrix WatchKit App */,
				A538FDFC26B479B7004F37F6 /* Tests */,
			);
		};
/* End PBXProject section */

/* Begin PBXResourcesBuildPhase section */
		A538FDFB26B479B7004F37F6 /* Resources */ = {
			isa = PBXResourcesBuildPhase;
			buildActionMask = 2147483647;
			files = (
				A560A491278B4FC700F5EC01 /* LoadMessages.json in Resources */,
				A5D54D442780BEC300B01C8B /* MessageReplies.json in Resources */,
				A559560826B47B2600AB1499 /* SyncMessageJoinedRoom.json in Resources */,
				A560A48D278B490B00F5EC01 /* JoinedRoom-ReactionRedaction.json in Resources */,
				A559560726B47B2600AB1499 /* NewJoinedRoom.json in Resources */,
				A560A495278B4FD900F5EC01 /* SyncNewRoomWithReaction.json in Resources */,
			);
			runOnlyForDeploymentPostprocessing = 0;
		};
		A59A0C4525DD6AC000B5EDAA /* Resources */ = {
			isa = PBXResourcesBuildPhase;
			buildActionMask = 2147483647;
			files = (
			);
			runOnlyForDeploymentPostprocessing = 0;
		};
		A59A0C4925DD6AC000B5EDAA /* Resources */ = {
			isa = PBXResourcesBuildPhase;
			buildActionMask = 2147483647;
			files = (
				A59A0C6A25DD6AC300B5EDAA /* Preview Assets.xcassets in Resources */,
				A5E324AB2A38B70C0085AACB /* Localizable.xcstrings in Resources */,
				A59A0C6725DD6AC300B5EDAA /* Assets.xcassets in Resources */,
				A52AA4CC2C2CA83600096D95 /* PrivacyInfo.xcprivacy in Resources */,
				A59A0C5125DD6AC200B5EDAA /* Assets.xcassets in Resources */,
			);
			runOnlyForDeploymentPostprocessing = 0;
		};
/* End PBXResourcesBuildPhase section */

/* Begin PBXSourcesBuildPhase section */
		A538FDF926B479B7004F37F6 /* Sources */ = {
			isa = PBXSourcesBuildPhase;
			buildActionMask = 2147483647;
			files = (
				A538FE0826B479C1004F37F6 /* MessageTests.swift in Sources */,
				A538FE0A26B479C1004F37F6 /* BaseTestCase.swift in Sources */,
				A538FE0726B479C1004F37F6 /* DataControllerTests.swift in Sources */,
				A538FE0B26B479C1004F37F6 /* RoomTests.swift in Sources */,
				A538FE0C26B479C1004F37F6 /* MemberTests.swift in Sources */,
				A538FE0926B479C1004F37F6 /* EventProcessingTests.swift in Sources */,
				A560A48B278B34F100F5EC01 /* RedactionTests.swift in Sources */,
			);
			runOnlyForDeploymentPostprocessing = 0;
		};
		A59A0C5325DD6AC200B5EDAA /* Sources */ = {
			isa = PBXSourcesBuildPhase;
			buildActionMask = 2147483647;
			files = (
				A56329E0263C3861003D0E67 /* LoginViewModel.swift in Sources */,
				A59A0C6125DD6AC200B5EDAA /* NotificationController.swift in Sources */,
				A52BA38A25DECDC500BBCCFC /* LoginView.swift in Sources */,
				A59A6FD5282652BC00B59CF2 /* ErrorResponse-Types.swift in Sources */,
				A59A0C5F25DD6AC200B5EDAA /* RootView.swift in Sources */,
				A5BCCB5A260C9DAB00CBC29B /* Redaction.swift in Sources */,
				A5FEEBEA27118E4200B57B84 /* SettingsView.swift in Sources */,
				A564A4CE260B588B00895426 /* TestData.swift in Sources */,
				A59437F4265D02DF00A81E1E /* MessageTransactionView.swift in Sources */,
				A54E5CDC25F5342700D43CDE /* Message.swift in Sources */,
				A51EA1732657BD160067A708 /* MessageComposer.swift in Sources */,
				A54E5CDD25F5342700D43CDE /* Room.swift in Sources */,
				A561B753277A320600CEAF26 /* MessageAligner.swift in Sources */,
				A59A0C6525DD6AC200B5EDAA /* ComplicationController.swift in Sources */,
				A515EAC22610D28C00D27C86 /* SyncState.swift in Sources */,
				A5B43C0B264831F4005384AF /* Date-Formatting.swift in Sources */,
				A5DCA2B4262B85F7004A328B /* ReactionsView.swift in Sources */,
				A54E5CDE25F5342700D43CDE /* MatrixController.swift in Sources */,
				A5A77A75265833C000B683FF /* TransactionManager.swift in Sources */,
				A52BA37325DEC59800BBCCFC /* RoomView.swift in Sources */,
				A5BC73C72700B97E00AF5AF9 /* ImageBubble.swift in Sources */,
				A5989DFC265AE28100DAD57C /* TransactionStore.swift in Sources */,
				A5E9E87325F673C00054D1A2 /* Reaction.swift in Sources */,
				A5A30C0C260BA53700861601 /* Edit.swift in Sources */,
				A54E5CE225F5342E00D43CDE /* Matrix.xcdatamodeld in Sources */,
				A564A4C6260B4E6B00895426 /* DataController.swift in Sources */,
				A59A0C5D25DD6AC200B5EDAA /* WatchTheMatrixApp.swift in Sources */,
				A58015282623280800C61D25 /* ReactionPicker.swift in Sources */,
				A59A0C6325DD6AC200B5EDAA /* NotificationView.swift in Sources */,
				A59437F6265D05DA00A81E1E /* MessageBubble.swift in Sources */,
				A56C7FB32614AF9A0067CB3B /* MatrixError-Identifiable.swift in Sources */,
				A5E9E87B25F676730054D1A2 /* MessageView.swift in Sources */,
				A581EB90277A4CEB0083B24A /* AlignedScrollView.swift in Sources */,
				A5989DFE265AE2E100DAD57C /* MessageTransaction.swift in Sources */,
				A5B43C0926482CA3005384AF /* RoomCell.swift in Sources */,
				A54E5CDB25F5342700D43CDE /* Member.swift in Sources */,
			);
			runOnlyForDeploymentPostprocessing = 0;
		};
/* End PBXSourcesBuildPhase section */

/* Begin PBXTargetDependency section */
		A576D38D28FC8C3D00A3FCF5 /* PBXTargetDependency */ = {
			isa = PBXTargetDependency;
			target = A59A0C4A25DD6AC000B5EDAA /* Watch The Matrix WatchKit App */;
			targetProxy = A576D38C28FC8C3D00A3FCF5 /* PBXContainerItemProxy */;
		};
		A59A0C4E25DD6AC000B5EDAA /* PBXTargetDependency */ = {
			isa = PBXTargetDependency;
			target = A59A0C4A25DD6AC000B5EDAA /* Watch The Matrix WatchKit App */;
			targetProxy = A59A0C4D25DD6AC000B5EDAA /* PBXContainerItemProxy */;
		};
/* End PBXTargetDependency section */

/* Begin XCBuildConfiguration section */
		A538FE0526B479B8004F37F6 /* Debug */ = {
			isa = XCBuildConfiguration;
			buildSettings = {
				BUNDLE_LOADER = "$(TEST_HOST)";
				CODE_SIGN_STYLE = Automatic;
				INFOPLIST_FILE = Tests/Info.plist;
				LD_RUNPATH_SEARCH_PATHS = (
					"$(inherited)",
					"@executable_path/Frameworks",
					"@loader_path/Frameworks",
				);
				PRODUCT_BUNDLE_IDENTIFIER = uk.pixlwave.Tests;
				PRODUCT_NAME = "$(TARGET_NAME)";
				SDKROOT = watchos;
				SWIFT_VERSION = 5.0;
				TARGETED_DEVICE_FAMILY = 4;
				TEST_HOST = "$(BUILT_PRODUCTS_DIR)/Watch The Matrix WatchKit App.app/$(BUNDLE_EXECUTABLE_FOLDER_PATH)/Watch The Matrix WatchKit App";
				WATCHOS_DEPLOYMENT_TARGET = 10.0;
			};
			name = Debug;
		};
		A538FE0626B479B8004F37F6 /* Release */ = {
			isa = XCBuildConfiguration;
			buildSettings = {
				BUNDLE_LOADER = "$(TEST_HOST)";
				CODE_SIGN_STYLE = Automatic;
				INFOPLIST_FILE = Tests/Info.plist;
				LD_RUNPATH_SEARCH_PATHS = (
					"$(inherited)",
					"@executable_path/Frameworks",
					"@loader_path/Frameworks",
				);
				PRODUCT_BUNDLE_IDENTIFIER = uk.pixlwave.Tests;
				PRODUCT_NAME = "$(TARGET_NAME)";
				SDKROOT = watchos;
				SWIFT_VERSION = 5.0;
				TARGETED_DEVICE_FAMILY = 4;
				TEST_HOST = "$(BUILT_PRODUCTS_DIR)/Watch The Matrix WatchKit App.app/$(BUNDLE_EXECUTABLE_FOLDER_PATH)/Watch The Matrix WatchKit App";
				WATCHOS_DEPLOYMENT_TARGET = 10.0;
			};
			name = Release;
		};
		A59A0C6D25DD6AC300B5EDAA /* Debug */ = {
			isa = XCBuildConfiguration;
			buildSettings = {
				ALWAYS_SEARCH_USER_PATHS = NO;
				ASSETCATALOG_COMPILER_GENERATE_SWIFT_ASSET_SYMBOL_EXTENSIONS = YES;
				CLANG_ANALYZER_LOCALIZABILITY_NONLOCALIZED = YES;
				CLANG_ANALYZER_NONNULL = YES;
				CLANG_ANALYZER_NUMBER_OBJECT_CONVERSION = YES_AGGRESSIVE;
				CLANG_CXX_LANGUAGE_STANDARD = "gnu++14";
				CLANG_CXX_LIBRARY = "libc++";
				CLANG_ENABLE_MODULES = YES;
				CLANG_ENABLE_OBJC_ARC = YES;
				CLANG_ENABLE_OBJC_WEAK = YES;
				CLANG_WARN_BLOCK_CAPTURE_AUTORELEASING = YES;
				CLANG_WARN_BOOL_CONVERSION = YES;
				CLANG_WARN_COMMA = YES;
				CLANG_WARN_CONSTANT_CONVERSION = YES;
				CLANG_WARN_DEPRECATED_OBJC_IMPLEMENTATIONS = YES;
				CLANG_WARN_DIRECT_OBJC_ISA_USAGE = YES_ERROR;
				CLANG_WARN_DOCUMENTATION_COMMENTS = YES;
				CLANG_WARN_EMPTY_BODY = YES;
				CLANG_WARN_ENUM_CONVERSION = YES;
				CLANG_WARN_INFINITE_RECURSION = YES;
				CLANG_WARN_INT_CONVERSION = YES;
				CLANG_WARN_NON_LITERAL_NULL_CONVERSION = YES;
				CLANG_WARN_OBJC_IMPLICIT_RETAIN_SELF = YES;
				CLANG_WARN_OBJC_LITERAL_CONVERSION = YES;
				CLANG_WARN_OBJC_ROOT_CLASS = YES_ERROR;
				CLANG_WARN_QUOTED_INCLUDE_IN_FRAMEWORK_HEADER = YES;
				CLANG_WARN_RANGE_LOOP_ANALYSIS = YES;
				CLANG_WARN_STRICT_PROTOTYPES = YES;
				CLANG_WARN_SUSPICIOUS_MOVE = YES;
				CLANG_WARN_UNGUARDED_AVAILABILITY = YES_AGGRESSIVE;
				CLANG_WARN_UNREACHABLE_CODE = YES;
				CLANG_WARN__DUPLICATE_METHOD_MATCH = YES;
				COPY_PHASE_STRIP = NO;
				DEBUG_INFORMATION_FORMAT = dwarf;
				DEVELOPMENT_TEAM = NU8A5Y875P;
				ENABLE_STRICT_OBJC_MSGSEND = YES;
				ENABLE_TESTABILITY = YES;
				ENABLE_USER_SCRIPT_SANDBOXING = YES;
				GCC_C_LANGUAGE_STANDARD = gnu11;
				GCC_DYNAMIC_NO_PIC = NO;
				GCC_NO_COMMON_BLOCKS = YES;
				GCC_OPTIMIZATION_LEVEL = 0;
				GCC_PREPROCESSOR_DEFINITIONS = (
					"DEBUG=1",
					"$(inherited)",
				);
				GCC_WARN_64_TO_32_BIT_CONVERSION = YES;
				GCC_WARN_ABOUT_RETURN_TYPE = YES_ERROR;
				GCC_WARN_UNDECLARED_SELECTOR = YES;
				GCC_WARN_UNINITIALIZED_AUTOS = YES_AGGRESSIVE;
				GCC_WARN_UNUSED_FUNCTION = YES;
				GCC_WARN_UNUSED_VARIABLE = YES;
				LOCALIZATION_PREFERS_STRING_CATALOGS = YES;
				MTL_ENABLE_DEBUG_INFO = INCLUDE_SOURCE;
				MTL_FAST_MATH = YES;
				ONLY_ACTIVE_ARCH = YES;
				SDKROOT = iphoneos;
				STRING_CATALOG_GENERATE_SYMBOLS = YES;
				SWIFT_ACTIVE_COMPILATION_CONDITIONS = DEBUG;
				SWIFT_OPTIMIZATION_LEVEL = "-Onone";
			};
			name = Debug;
		};
		A59A0C6E25DD6AC300B5EDAA /* Release */ = {
			isa = XCBuildConfiguration;
			buildSettings = {
				ALWAYS_SEARCH_USER_PATHS = NO;
				ASSETCATALOG_COMPILER_GENERATE_SWIFT_ASSET_SYMBOL_EXTENSIONS = YES;
				CLANG_ANALYZER_LOCALIZABILITY_NONLOCALIZED = YES;
				CLANG_ANALYZER_NONNULL = YES;
				CLANG_ANALYZER_NUMBER_OBJECT_CONVERSION = YES_AGGRESSIVE;
				CLANG_CXX_LANGUAGE_STANDARD = "gnu++14";
				CLANG_CXX_LIBRARY = "libc++";
				CLANG_ENABLE_MODULES = YES;
				CLANG_ENABLE_OBJC_ARC = YES;
				CLANG_ENABLE_OBJC_WEAK = YES;
				CLANG_WARN_BLOCK_CAPTURE_AUTORELEASING = YES;
				CLANG_WARN_BOOL_CONVERSION = YES;
				CLANG_WARN_COMMA = YES;
				CLANG_WARN_CONSTANT_CONVERSION = YES;
				CLANG_WARN_DEPRECATED_OBJC_IMPLEMENTATIONS = YES;
				CLANG_WARN_DIRECT_OBJC_ISA_USAGE = YES_ERROR;
				CLANG_WARN_DOCUMENTATION_COMMENTS = YES;
				CLANG_WARN_EMPTY_BODY = YES;
				CLANG_WARN_ENUM_CONVERSION = YES;
				CLANG_WARN_INFINITE_RECURSION = YES;
				CLANG_WARN_INT_CONVERSION = YES;
				CLANG_WARN_NON_LITERAL_NULL_CONVERSION = YES;
				CLANG_WARN_OBJC_IMPLICIT_RETAIN_SELF = YES;
				CLANG_WARN_OBJC_LITERAL_CONVERSION = YES;
				CLANG_WARN_OBJC_ROOT_CLASS = YES_ERROR;
				CLANG_WARN_QUOTED_INCLUDE_IN_FRAMEWORK_HEADER = YES;
				CLANG_WARN_RANGE_LOOP_ANALYSIS = YES;
				CLANG_WARN_STRICT_PROTOTYPES = YES;
				CLANG_WARN_SUSPICIOUS_MOVE = YES;
				CLANG_WARN_UNGUARDED_AVAILABILITY = YES_AGGRESSIVE;
				CLANG_WARN_UNREACHABLE_CODE = YES;
				CLANG_WARN__DUPLICATE_METHOD_MATCH = YES;
				COPY_PHASE_STRIP = NO;
				DEBUG_INFORMATION_FORMAT = "dwarf-with-dsym";
				DEVELOPMENT_TEAM = NU8A5Y875P;
				ENABLE_NS_ASSERTIONS = NO;
				ENABLE_STRICT_OBJC_MSGSEND = YES;
				ENABLE_USER_SCRIPT_SANDBOXING = YES;
				GCC_C_LANGUAGE_STANDARD = gnu11;
				GCC_NO_COMMON_BLOCKS = YES;
				GCC_WARN_64_TO_32_BIT_CONVERSION = YES;
				GCC_WARN_ABOUT_RETURN_TYPE = YES_ERROR;
				GCC_WARN_UNDECLARED_SELECTOR = YES;
				GCC_WARN_UNINITIALIZED_AUTOS = YES_AGGRESSIVE;
				GCC_WARN_UNUSED_FUNCTION = YES;
				GCC_WARN_UNUSED_VARIABLE = YES;
				LOCALIZATION_PREFERS_STRING_CATALOGS = YES;
				MTL_ENABLE_DEBUG_INFO = NO;
				MTL_FAST_MATH = YES;
				SDKROOT = iphoneos;
				STRING_CATALOG_GENERATE_SYMBOLS = YES;
				SWIFT_COMPILATION_MODE = wholemodule;
				SWIFT_OPTIMIZATION_LEVEL = "-O";
				VALIDATE_PRODUCT = YES;
			};
			name = Release;
		};
		A59A0C7425DD6AC300B5EDAA /* Debug */ = {
			isa = XCBuildConfiguration;
			buildSettings = {
				ASSETCATALOG_COMPILER_APPICON_NAME = AppIcon;
				ASSETCATALOG_COMPILER_COMPLICATION_NAME = Complication;
				ASSETCATALOG_COMPILER_GLOBAL_ACCENT_COLOR_NAME = AccentColor;
				CODE_SIGN_ENTITLEMENTS = "Resources/Watch The Matrix WatchKit Extension.entitlements";
				CODE_SIGN_STYLE = Automatic;
				CURRENT_PROJECT_VERSION = 36;
				INFOPLIST_FILE = "Watch App/Info.plist";
				LD_RUNPATH_SEARCH_PATHS = (
					"@executable_path/Frameworks",
					"@executable_path/../../Frameworks",
				);
				PRODUCT_BUNDLE_IDENTIFIER = "uk.pixlwave.Watch-The-Matrix.watchkitapp";
				PRODUCT_NAME = "$(TARGET_NAME)";
				SDKROOT = watchos;
				SKIP_INSTALL = YES;
				SWIFT_EMIT_LOC_STRINGS = YES;
				SWIFT_VERSION = 5.0;
				TARGETED_DEVICE_FAMILY = 4;
				WATCHOS_DEPLOYMENT_TARGET = 10.0;
			};
			name = Debug;
		};
		A59A0C7525DD6AC300B5EDAA /* Release */ = {
			isa = XCBuildConfiguration;
			buildSettings = {
				ASSETCATALOG_COMPILER_APPICON_NAME = AppIcon;
				ASSETCATALOG_COMPILER_COMPLICATION_NAME = Complication;
				ASSETCATALOG_COMPILER_GLOBAL_ACCENT_COLOR_NAME = AccentColor;
				CODE_SIGN_ENTITLEMENTS = "Resources/Watch The Matrix WatchKit Extension.entitlements";
				CODE_SIGN_STYLE = Automatic;
				CURRENT_PROJECT_VERSION = 36;
				INFOPLIST_FILE = "Watch App/Info.plist";
				LD_RUNPATH_SEARCH_PATHS = (
					"@executable_path/Frameworks",
					"@executable_path/../../Frameworks",
				);
				PRODUCT_BUNDLE_IDENTIFIER = "uk.pixlwave.Watch-The-Matrix.watchkitapp";
				PRODUCT_NAME = "$(TARGET_NAME)";
				SDKROOT = watchos;
				SKIP_INSTALL = YES;
				SWIFT_EMIT_LOC_STRINGS = YES;
				SWIFT_VERSION = 5.0;
				TARGETED_DEVICE_FAMILY = 4;
				WATCHOS_DEPLOYMENT_TARGET = 10.0;
			};
			name = Release;
		};
		A59A0C7825DD6AC300B5EDAA /* Debug */ = {
			isa = XCBuildConfiguration;
			buildSettings = {
				CODE_SIGN_STYLE = Automatic;
				CURRENT_PROJECT_VERSION = 36;
				IPHONEOS_DEPLOYMENT_TARGET = 17.0;
				MARKETING_VERSION = 1.0;
				PRODUCT_BUNDLE_IDENTIFIER = "uk.pixlwave.Watch-The-Matrix";
				PRODUCT_NAME = "$(TARGET_NAME)";
				SWIFT_VERSION = 5.0;
			};
			name = Debug;
		};
		A59A0C7925DD6AC300B5EDAA /* Release */ = {
			isa = XCBuildConfiguration;
			buildSettings = {
				CODE_SIGN_STYLE = Automatic;
				CURRENT_PROJECT_VERSION = 36;
				IPHONEOS_DEPLOYMENT_TARGET = 17.0;
				MARKETING_VERSION = 1.0;
				PRODUCT_BUNDLE_IDENTIFIER = "uk.pixlwave.Watch-The-Matrix";
				PRODUCT_NAME = "$(TARGET_NAME)";
				SWIFT_VERSION = 5.0;
			};
			name = Release;
		};
/* End XCBuildConfiguration section */

/* Begin XCConfigurationList section */
		A538FE0426B479B8004F37F6 /* Build configuration list for PBXNativeTarget "Tests" */ = {
			isa = XCConfigurationList;
			buildConfigurations = (
				A538FE0526B479B8004F37F6 /* Debug */,
				A538FE0626B479B8004F37F6 /* Release */,
			);
			defaultConfigurationIsVisible = 0;
			defaultConfigurationName = Release;
		};
		A59A0C4425DD6AC000B5EDAA /* Build configuration list for PBXProject "Watch The Matrix" */ = {
			isa = XCConfigurationList;
			buildConfigurations = (
				A59A0C6D25DD6AC300B5EDAA /* Debug */,
				A59A0C6E25DD6AC300B5EDAA /* Release */,
			);
			defaultConfigurationIsVisible = 0;
			defaultConfigurationName = Release;
		};
		A59A0C7325DD6AC300B5EDAA /* Build configuration list for PBXNativeTarget "Watch The Matrix WatchKit App" */ = {
			isa = XCConfigurationList;
			buildConfigurations = (
				A59A0C7425DD6AC300B5EDAA /* Debug */,
				A59A0C7525DD6AC300B5EDAA /* Release */,
			);
			defaultConfigurationIsVisible = 0;
			defaultConfigurationName = Release;
		};
		A59A0C7725DD6AC300B5EDAA /* Build configuration list for PBXNativeTarget "Watch The Matrix" */ = {
			isa = XCConfigurationList;
			buildConfigurations = (
				A59A0C7825DD6AC300B5EDAA /* Debug */,
				A59A0C7925DD6AC300B5EDAA /* Release */,
			);
			defaultConfigurationIsVisible = 0;
			defaultConfigurationName = Release;
		};
/* End XCConfigurationList section */

/* Begin XCRemoteSwiftPackageReference section */
		A5620D53264915E500EAF88B /* XCRemoteSwiftPackageReference "Matrix" */ = {
			isa = XCRemoteSwiftPackageReference;
			repositoryURL = "https://github.com/pixlwave/Matrix";
			requirement = {
				branch = main;
				kind = branch;
			};
		};
		A562FF4427847C3A0094B97E /* XCRemoteSwiftPackageReference "swift-html-entities" */ = {
			isa = XCRemoteSwiftPackageReference;
			repositoryURL = "https://github.com/Kitura/swift-html-entities";
			requirement = {
				kind = upToNextMajorVersion;
				minimumVersion = 4.0.0;
			};
		};
		A5799D3425FC205C00D4B940 /* XCRemoteSwiftPackageReference "KeychainAccess" */ = {
			isa = XCRemoteSwiftPackageReference;
			repositoryURL = "https://github.com/kishikawakatsumi/KeychainAccess";
			requirement = {
				kind = upToNextMajorVersion;
				minimumVersion = 4.2.2;
			};
		};
/* End XCRemoteSwiftPackageReference section */

/* Begin XCSwiftPackageProductDependency section */
		A5A9B43B28FC938B004C651F /* Matrix */ = {
			isa = XCSwiftPackageProductDependency;
			package = A5620D53264915E500EAF88B /* XCRemoteSwiftPackageReference "Matrix" */;
			productName = Matrix;
		};
		A5A9B43D28FC9391004C651F /* KeychainAccess */ = {
			isa = XCSwiftPackageProductDependency;
			package = A5799D3425FC205C00D4B940 /* XCRemoteSwiftPackageReference "KeychainAccess" */;
			productName = KeychainAccess;
		};
		A5A9B44128FC9398004C651F /* HTMLEntities */ = {
			isa = XCSwiftPackageProductDependency;
			package = A562FF4427847C3A0094B97E /* XCRemoteSwiftPackageReference "swift-html-entities" */;
			productName = HTMLEntities;
		};
/* End XCSwiftPackageProductDependency section */

/* Begin XCVersionGroup section */
		A54E5CCB25F5331900D43CDE /* Matrix.xcdatamodeld */ = {
			isa = XCVersionGroup;
			children = (
				A54E5CCC25F5331900D43CDE /* Model.xcdatamodel */,
			);
			currentVersion = A54E5CCC25F5331900D43CDE /* Model.xcdatamodel */;
			path = Matrix.xcdatamodeld;
			sourceTree = "<group>";
			versionGroupType = wrapper.xcdatamodel;
		};
/* End XCVersionGroup section */
	};
	rootObject = A59A0C4125DD6AC000B5EDAA /* Project object */;
}
